
Microsoft Visual Studio Solution File, Format Version 12.00
Project("{FAE04EC0-301F-11D3-BF4B-00C04F79EFBC}") = "Flow.Domain", "Flow.Domain\Flow.Domain.csproj", "{7FDA146F-76CB-4787-B0B6-A82C65B67B3C}"
EndProject
Project("{FAE04EC0-301F-11D3-BF4B-00C04F79EFBC}") = "Flow.Application", "Flow.Application\Flow.Application.csproj", "{0F0F9DBD-63D4-43AA-B277-482D83F8E1B1}"
EndProject
Project("{FAE04EC0-301F-11D3-BF4B-00C04F79EFBC}") = "Flow.Infrastructure", "Flow.Infrastructure\Flow.Infrastructure.csproj", "{842B7187-5491-4A3D-8821-00DBF954EDD4}"
EndProject
Project("{FAE04EC0-301F-11D3-BF4B-00C04F79EFBC}") = "Flow.Presentation", "Flow.Presentation\Flow.Presentation.csproj", "{606693D0-9A28-4E98-A2F2-08A29CCD73B9}"
EndProject
Project("{FAE04EC0-301F-11D3-BF4B-00C04F79EFBC}") = "Flow.Application.Tests", "Flow.Application.Tests\Flow.Application.Tests.csproj", "{843C44D0-8E26-4B76-9618-4AF268DA4BF0}"
EndProject
Global
	GlobalSection(SolutionConfigurationPlatforms) = preSolution
		Debug|Any CPU = Debug|Any CPU
		Debug|x64 = Debug|x64
		Debug|x86 = Debug|x86
		Release|Any CPU = Release|Any CPU
		Release|x64 = Release|x64
		Release|x86 = Release|x86
	EndGlobalSection
	GlobalSection(ProjectConfigurationPlatforms) = postSolution
		{7FDA146F-76CB-4787-B0B6-A82C65B67B3C}.Debug|Any CPU.ActiveCfg = Debug|Any CPU
		{7FDA146F-76CB-4787-B0B6-A82C65B67B3C}.Debug|Any CPU.Build.0 = Debug|Any CPU
		{7FDA146F-76CB-4787-B0B6-A82C65B67B3C}.Debug|x64.ActiveCfg = Debug|Any CPU
		{7FDA146F-76CB-4787-B0B6-A82C65B67B3C}.Debug|x64.Build.0 = Debug|Any CPU
		{7FDA146F-76CB-4787-B0B6-A82C65B67B3C}.Debug|x86.ActiveCfg = Debug|Any CPU
		{7FDA146F-76CB-4787-B0B6-A82C65B67B3C}.Debug|x86.Build.0 = Debug|Any CPU
		{7FDA146F-76CB-4787-B0B6-A82C65B67B3C}.Release|Any CPU.ActiveCfg = Release|Any CPU
		{7FDA146F-76CB-4787-B0B6-A82C65B67B3C}.Release|Any CPU.Build.0 = Release|Any CPU
		{7FDA146F-76CB-4787-B0B6-A82C65B67B3C}.Release|x64.ActiveCfg = Release|Any CPU
		{7FDA146F-76CB-4787-B0B6-A82C65B67B3C}.Release|x64.Build.0 = Release|Any CPU
		{7FDA146F-76CB-4787-B0B6-A82C65B67B3C}.Release|x86.ActiveCfg = Release|Any CPU
		{7FDA146F-76CB-4787-B0B6-A82C65B67B3C}.Release|x86.Build.0 = Release|Any CPU
		{0F0F9DBD-63D4-43AA-B277-482D83F8E1B1}.Debug|Any CPU.ActiveCfg = Debug|Any CPU
		{0F0F9DBD-63D4-43AA-B277-482D83F8E1B1}.Debug|Any CPU.Build.0 = Debug|Any CPU
		{0F0F9DBD-63D4-43AA-B277-482D83F8E1B1}.Debug|x64.ActiveCfg = Debug|Any CPU
		{0F0F9DBD-63D4-43AA-B277-482D83F8E1B1}.Debug|x64.Build.0 = Debug|Any CPU
		{0F0F9DBD-63D4-43AA-B277-482D83F8E1B1}.Debug|x86.ActiveCfg = Debug|Any CPU
		{0F0F9DBD-63D4-43AA-B277-482D83F8E1B1}.Debug|x86.Build.0 = Debug|Any CPU
		{0F0F9DBD-63D4-43AA-B277-482D83F8E1B1}.Release|Any CPU.ActiveCfg = Release|Any CPU
		{0F0F9DBD-63D4-43AA-B277-482D83F8E1B1}.Release|Any CPU.Build.0 = Release|Any CPU
		{0F0F9DBD-63D4-43AA-B277-482D83F8E1B1}.Release|x64.ActiveCfg = Release|Any CPU
		{0F0F9DBD-63D4-43AA-B277-482D83F8E1B1}.Release|x64.Build.0 = Release|Any CPU
		{0F0F9DBD-63D4-43AA-B277-482D83F8E1B1}.Release|x86.ActiveCfg = Release|Any CPU
		{0F0F9DBD-63D4-43AA-B277-482D83F8E1B1}.Release|x86.Build.0 = Release|Any CPU
		{842B7187-5491-4A3D-8821-00DBF954EDD4}.Debug|Any CPU.ActiveCfg = Debug|Any CPU
		{842B7187-5491-4A3D-8821-00DBF954EDD4}.Debug|Any CPU.Build.0 = Debug|Any CPU
		{842B7187-5491-4A3D-8821-00DBF954EDD4}.Debug|x64.ActiveCfg = Debug|Any CPU
		{842B7187-5491-4A3D-8821-00DBF954EDD4}.Debug|x64.Build.0 = Debug|Any CPU
		{842B7187-5491-4A3D-8821-00DBF954EDD4}.Debug|x86.ActiveCfg = Debug|Any CPU
		{842B7187-5491-4A3D-8821-00DBF954EDD4}.Debug|x86.Build.0 = Debug|Any CPU
		{842B7187-5491-4A3D-8821-00DBF954EDD4}.Release|Any CPU.ActiveCfg = Release|Any CPU
		{842B7187-5491-4A3D-8821-00DBF954EDD4}.Release|Any CPU.Build.0 = Release|Any CPU
		{842B7187-5491-4A3D-8821-00DBF954EDD4}.Release|x64.ActiveCfg = Release|Any CPU
		{842B7187-5491-4A3D-8821-00DBF954EDD4}.Release|x64.Build.0 = Release|Any CPU
		{842B7187-5491-4A3D-8821-00DBF954EDD4}.Release|x86.ActiveCfg = Release|Any CPU
		{842B7187-5491-4A3D-8821-00DBF954EDD4}.Release|x86.Build.0 = Release|Any CPU
		{606693D0-9A28-4E98-A2F2-08A29CCD73B9}.Debug|Any CPU.ActiveCfg = Debug|Any CPU
		{606693D0-9A28-4E98-A2F2-08A29CCD73B9}.Debug|Any CPU.Build.0 = Debug|Any CPU
		{606693D0-9A28-4E98-A2F2-08A29CCD73B9}.Debug|x64.ActiveCfg = Debug|Any CPU
		{606693D0-9A28-4E98-A2F2-08A29CCD73B9}.Debug|x64.Build.0 = Debug|Any CPU
		{606693D0-9A28-4E98-A2F2-08A29CCD73B9}.Debug|x86.ActiveCfg = Debug|Any CPU
		{606693D0-9A28-4E98-A2F2-08A29CCD73B9}.Debug|x86.Build.0 = Debug|Any CPU
		{606693D0-9A28-4E98-A2F2-08A29CCD73B9}.Release|Any CPU.ActiveCfg = Release|Any CPU
		{606693D0-9A28-4E98-A2F2-08A29CCD73B9}.Release|Any CPU.Build.0 = Release|Any CPU
		{606693D0-9A28-4E98-A2F2-08A29CCD73B9}.Release|x64.ActiveCfg = Release|Any CPU
		{606693D0-9A28-4E98-A2F2-08A29CCD73B9}.Release|x64.Build.0 = Release|Any CPU
		{606693D0-9A28-4E98-A2F2-08A29CCD73B9}.Release|x86.ActiveCfg = Release|Any CPU
		{606693D0-9A28-4E98-A2F2-08A29CCD73B9}.Release|x86.Build.0 = Release|Any CPU
		{843C44D0-8E26-4B76-9618-4AF268DA4BF0}.Debug|Any CPU.ActiveCfg = Debug|Any CPU
		{843C44D0-8E26-4B76-9618-4AF268DA4BF0}.Debug|Any CPU.Build.0 = Debug|Any CPU
		{843C44D0-8E26-4B76-9618-4AF268DA4BF0}.Debug|x64.ActiveCfg = Debug|Any CPU
		{843C44D0-8E26-4B76-9618-4AF268DA4BF0}.Debug|x64.Build.0 = Debug|Any CPU
		{843C44D0-8E26-4B76-9618-4AF268DA4BF0}.Debug|x86.ActiveCfg = Debug|Any CPU
		{843C44D0-8E26-4B76-9618-4AF268DA4BF0}.Debug|x86.Build.0 = Debug|Any CPU
		{843C44D0-8E26-4B76-9618-4AF268DA4BF0}.Release|Any CPU.ActiveCfg = Release|Any CPU
		{843C44D0-8E26-4B76-9618-4AF268DA4BF0}.Release|Any CPU.Build.0 = Release|Any CPU
		{843C44D0-8E26-4B76-9618-4AF268DA4BF0}.Release|x64.ActiveCfg = Release|Any CPU
		{843C44D0-8E26-4B76-9618-4AF268DA4BF0}.Release|x64.Build.0 = Release|Any CPU
		{843C44D0-8E26-4B76-9618-4AF268DA4BF0}.Release|x86.ActiveCfg = Release|Any CPU
		{843C44D0-8E26-4B76-9618-4AF268DA4BF0}.Release|x86.Build.0 = Release|Any CPU
	EndGlobalSection
	GlobalSection(SolutionProperties) = preSolution
		HideSolutionNode = FALSE
	EndGlobalSection
EndGlobal
